
Microsoft Visual Studio Solution File, Format Version 11.00
# Visual Studio 2010
Project("{FAE04EC0-301F-11D3-BF4B-00C04F79EFBC}") = "Assembly-CSharp", "Assembly-CSharp.csproj", "{CF59973B-2C27-A0D2-00FF-7EEF1098AFFC}"
EndProject
Global
	GlobalSection(SolutionConfigurationPlatforms) = preSolution
		Debug|Any CPU = Debug|Any CPU
		Release|Any CPU = Release|Any CPU
	EndGlobalSection
	GlobalSection(ProjectConfigurationPlatforms) = postSolution
		{CF59973B-2C27-A0D2-00FF-7EEF1098AFFC}.Debug|Any CPU.ActiveCfg = Debug|Any CPU
		{CF59973B-2C27-A0D2-00FF-7EEF1098AFFC}.Debug|Any CPU.Build.0 = Debug|Any CPU
		{CF59973B-2C27-A0D2-00FF-7EEF1098AFFC}.Release|Any CPU.ActiveCfg = Release|Any CPU
		{CF59973B-2C27-A0D2-00FF-7EEF1098AFFC}.Release|Any CPU.Build.0 = Release|Any CPU
	EndGlobalSection
	GlobalSection(SolutionProperties) = preSolution
		HideSolutionNode = FALSE
	EndGlobalSection
EndGlobal
